version = 1
revision = 3
requires-python = ">=3.13"

[[package]]
name = "line-game"
version = "1.0.0"
source = { virtual = "." }
dependencies = [
    { name = "pudu-ui" },
    { name = "pyglet" },
]

[package.metadata]
requires-dist = [
    { name = "pudu-ui", specifier = ">=0.2.0" },
    { name = "pyglet", specifier = ">=3.0.dev3" },
]

[package.metadata.requires-dev]
dev = []

[[package]]
name = "pudu-ui"
version = "0.2.1"
source = { registry = "https://pypi.org/simple" }
dependencies = [
    { name = "pyglet" },
]
sdist = { url = "https://files.pythonhosted.org/packages/01/5a/783178a2491a318ba938e84175677f190840f91fbf47f686de99e4295c56/pudu_ui-0.2.1.tar.gz", hash = "sha256:933520ea06e705b0638af5237caacbceff1c3f939da05b14804fb994f80d2053", size = 87541, upload-time = "2026-04-25T02:37:18.451Z" }
wheels = [
    { url = "https://files.pythonhosted.org/packages/fb/6f/32675e6b480023c7024e63f1deae60e1fa47dbfd3c5adea334c7ba7f9e46/pudu_ui-0.2.1-py3-none-any.whl", hash = "sha256:a84761b398f5f3d971b41507675e602481b843506fc2816e81eec639f88dad51", size = 99884, upload-time = "2026-04-25T02:37:16.457Z" },
]

[[package]]
name = "pyglet"
version = "3.0.dev3"
source = { registry = "https://pypi.org/simple" }
sdist = { url = "https://files.pythonhosted.org/packages/a4/18/b7bca811bc8c16ce4073b006dd06762c59589f81a65e8dd461cffba8e214/pyglet-3.0.dev3.tar.gz", hash = "sha256:b0121bf0d3a98743d17ed6f53001f7be17aaf4b0245c0b22105a4a4e77005822", size = 7128311, upload-time = "2026-04-18T10:55:28.599Z" }
wheels = [
    { url = "https://files.pythonhosted.org/packages/a9/b0/8c6402b68b14f1e8151c46f096dff7875050bd30c69f31cf814efa83aba6/pyglet-3.0.dev3-py3-none-any.whl", hash = "sha256:56ceb7a7420b43e6f8805d4b9a2bea9e45f9938d0d91650a472e4c0997b96368", size = 1505495, upload-time = "2026-04-18T10:55:23.312Z" },
]
